// !$*UTF8*$!
{
	archiveVersion = 1;
	classes = {
	};
	objectVersion = 56;
	objects = {

/* Begin PBXBuildFile section */
		FF6DC7B128EB7366000516AF /* AppDelegate.swift in Sources */ = {isa = PBXBuildFile; fileRef = FF6DC7B028EB7366000516AF /* AppDelegate.swift */; };
		FF6DC7B328EB7366000516AF /* SceneDelegate.swift in Sources */ = {isa = PBXBuildFile; fileRef = FF6DC7B228EB7366000516AF /* SceneDelegate.swift */; };
		FF6DC7B828EB7366000516AF /* Main.storyboard in Resources */ = {isa = PBXBuildFile; fileRef = FF6DC7B628EB7366000516AF /* Main.storyboard */; };
		FF6DC7BA28EB7367000516AF /* Assets.xcassets in Resources */ = {isa = PBXBuildFile; fileRef = FF6DC7B928EB7367000516AF /* Assets.xcassets */; };
		FF6DC7BD28EB7368000516AF /* LaunchScreen.storyboard in Resources */ = {isa = PBXBuildFile; fileRef = FF6DC7BB28EB7368000516AF /* LaunchScreen.storyboard */; };
		FF6DC7C728EB73D9000516AF /* Coin.swift in Sources */ = {isa = PBXBuildFile; fileRef = FF6DC7C628EB73D9000516AF /* Coin.swift */; };
		FF6DC7CA28EB73EB000516AF /* CoinController.swift in Sources */ = {isa = PBXBuildFile; fileRef = FF6DC7C928EB73EB000516AF /* CoinController.swift */; };
		FF6DC7CD28EB7418000516AF /* CoinListTableViewController.swift in Sources */ = {isa = PBXBuildFile; fileRef = FF6DC7CC28EB7418000516AF /* CoinListTableViewController.swift */; };
/* End PBXBuildFile section */

/* Begin PBXFileReference section */
		FF6DC7AD28EB7366000516AF /* Moonshot.app */ = {isa = PBXFileReference; explicitFileType = wrapper.application; includeInIndex = 0; path = Moonshot.app; sourceTree = BUILT_PRODUCTS_DIR; };
		FF6DC7B028EB7366000516AF /* AppDelegate.swift */ = {isa = PBXFileReference; lastKnownFileType = sourcecode.swift; path = AppDelegate.swift; sourceTree = "<group>"; };
		FF6DC7B228EB7366000516AF /* SceneDelegate.swift */ = {isa = PBXFileReference; lastKnownFileType = sourcecode.swift; path = SceneDelegate.swift; sourceTree = "<group>"; };
		FF6DC7B728EB7366000516AF /* Base */ = {isa = PBXFileReference; lastKnownFileType = file.storyboard; name = Base; path = Base.lproj/Main.storyboard; sourceTree = "<group>"; };
		FF6DC7B928EB7367000516AF /* Assets.xcassets */ = {isa = PBXFileReference; lastKnownFileType = folder.assetcatalog; path = Assets.xcassets; sourceTree = "<group>"; };
		FF6DC7BC28EB7368000516AF /* Base */ = {isa = PBXFileReference; lastKnownFileType = file.storyboard; name = Base; path = Base.lproj/LaunchScreen.storyboard; sourceTree = "<group>"; };
		FF6DC7BE28EB7368000516AF /* Info.plist */ = {isa = PBXFileReference; lastKnownFileType = text.plist.xml; path = Info.plist; sourceTree = "<group>"; };
		FF6DC7C628EB73D9000516AF /* Coin.swift */ = {isa = PBXFileReference; lastKnownFileType = sourcecode.swift; path = Coin.swift; sourceTree = "<group>"; };
		FF6DC7C928EB73EB000516AF /* CoinController.swift */ = {isa = PBXFileReference; lastKnownFileType = sourcecode.swift; path = CoinController.swift; sourceTree = "<group>"; };
		FF6DC7CC28EB7418000516AF /* CoinListTableViewController.swift */ = {isa = PBXFileReference; lastKnownFileType = sourcecode.swift; path = CoinListTableViewController.swift; sourceTree = "<group>"; };
/* End PBXFileReference section */

/* Begin PBXFrameworksBuildPhase section */
		FF6DC7AA28EB7366000516AF /* Frameworks */ = {
			isa = PBXFrameworksBuildPhase;
			buildActionMask = 2147483647;
			files = (
			);
			runOnlyForDeploymentPostprocessing = 0;
		};
/* End PBXFrameworksBuildPhase section */

/* Begin PBXGroup section */
		FF6DC7A428EB7366000516AF = {
			isa = PBXGroup;
			children = (
				FF6DC7AF28EB7366000516AF /* Moonshot */,
				FF6DC7AE28EB7366000516AF /* Products */,
			);
			sourceTree = "<group>";
		};
		FF6DC7AE28EB7366000516AF /* Products */ = {
			isa = PBXGroup;
			children = (
				FF6DC7AD28EB7366000516AF /* Moonshot.app */,
			);
			name = Products;
			sourceTree = "<group>";
		};
		FF6DC7AF28EB7366000516AF /* Moonshot */ = {
			isa = PBXGroup;
			children = (
				FF6DC7C528EB7397000516AF /* Resources */,
				FF6DC7C428EB7376000516AF /* Storyboard */,
				FF6DC7C828EB73DE000516AF /* Model */,
				FF6DC7CB28EB73F2000516AF /* Model Controller */,
				FF6DC7CE28EB741D000516AF /* TableView */,
			);
			path = Moonshot;
			sourceTree = "<group>";
		};
		FF6DC7C428EB7376000516AF /* Storyboard */ = {
			isa = PBXGroup;
			children = (
				FF6DC7B628EB7366000516AF /* Main.storyboard */,
				FF6DC7BB28EB7368000516AF /* LaunchScreen.storyboard */,
			);
			path = Storyboard;
			sourceTree = "<group>";
		};
		FF6DC7C528EB7397000516AF /* Resources */ = {
			isa = PBXGroup;
			children = (
				FF6DC7B028EB7366000516AF /* AppDelegate.swift */,
				FF6DC7B228EB7366000516AF /* SceneDelegate.swift */,
				FF6DC7B928EB7367000516AF /* Assets.xcassets */,
				FF6DC7BE28EB7368000516AF /* Info.plist */,
			);
			path = Resources;
			sourceTree = "<group>";
		};
		FF6DC7C828EB73DE000516AF /* Model */ = {
			isa = PBXGroup;
			children = (
				FF6DC7C628EB73D9000516AF /* Coin.swift */,
			);
			path = Model;
			sourceTree = "<group>";
		};
		FF6DC7CB28EB73F2000516AF /* Model Controller */ = {
			isa = PBXGroup;
			children = (
				FF6DC7C928EB73EB000516AF /* CoinController.swift */,
			);
			path = "Model Controller";
			sourceTree = "<group>";
		};
		FF6DC7CE28EB741D000516AF /* TableView */ = {
			isa = PBXGroup;
			children = (
				FF6DC7CC28EB7418000516AF /* CoinListTableViewController.swift */,
			);
			path = TableView;
			sourceTree = "<group>";
		};
/* End PBXGroup section */

/* Begin PBXNativeTarget section */
		FF6DC7AC28EB7366000516AF /* Moonshot */ = {
			isa = PBXNativeTarget;
			buildConfigurationList = FF6DC7C128EB7368000516AF /* Build configuration list for PBXNativeTarget "Moonshot" */;
			buildPhases = (
				FF6DC7A928EB7366000516AF /* Sources */,
				FF6DC7AA28EB7366000516AF /* Frameworks */,
				FF6DC7AB28EB7366000516AF /* Resources */,
			);
			buildRules = (
			);
			dependencies = (
			);
			name = Moonshot;
			productName = Moonshot;
			productReference = FF6DC7AD28EB7366000516AF /* Moonshot.app */;
			productType = "com.apple.product-type.application";
		};
/* End PBXNativeTarget section */

/* Begin PBXProject section */
		FF6DC7A528EB7366000516AF /* Project object */ = {
			isa = PBXProject;
			attributes = {
				BuildIndependentTargetsInParallel = 1;
				LastSwiftUpdateCheck = 1400;
				LastUpgradeCheck = 1400;
				TargetAttributes = {
					FF6DC7AC28EB7366000516AF = {
						CreatedOnToolsVersion = 14.0.1;
					};
				};
			};
			buildConfigurationList = FF6DC7A828EB7366000516AF /* Build configuration list for PBXProject "Moonshot" */;
			compatibilityVersion = "Xcode 14.0";
			developmentRegion = en;
			hasScannedForEncodings = 0;
			knownRegions = (
				en,
				Base,
			);
			mainGroup = FF6DC7A428EB7366000516AF;
			productRefGroup = FF6DC7AE28EB7366000516AF /* Products */;
			projectDirPath = "";
			projectRoot = "";
			targets = (
				FF6DC7AC28EB7366000516AF /* Moonshot */,
			);
		};
/* End PBXProject section */

/* Begin PBXResourcesBuildPhase section */
		FF6DC7AB28EB7366000516AF /* Resources */ = {
			isa = PBXResourcesBuildPhase;
			buildActionMask = 2147483647;
			files = (
				FF6DC7BD28EB7368000516AF /* LaunchScreen.storyboard in Resources */,
				FF6DC7BA28EB7367000516AF /* Assets.xcassets in Resources */,
				FF6DC7B828EB7366000516AF /* Main.storyboard in Resources */,
			);
			runOnlyForDeploymentPostprocessing = 0;
		};
/* End PBXResourcesBuildPhase section */

/* Begin PBXSourcesBuildPhase section */
		FF6DC7A928EB7366000516AF /* Sources */ = {
			isa = PBXSourcesBuildPhase;
			buildActionMask = 2147483647;
			files = (
				FF6DC7CA28EB73EB000516AF /* CoinController.swift in Sources */,
				FF6DC7C728EB73D9000516AF /* Coin.swift in Sources */,
				FF6DC7B128EB7366000516AF /* AppDelegate.swift in Sources */,
				FF6DC7B328EB7366000516AF /* SceneDelegate.swift in Sources */,
				FF6DC7CD28EB7418000516AF /* CoinListTableViewController.swift in Sources */,
			);
			runOnlyForDeploymentPostprocessing = 0;
		};
/* End PBXSourcesBuildPhase section */

/* Begin PBXVariantGroup section */
		FF6DC7B628EB7366000516AF /* Main.storyboard */ = {
			isa = PBXVariantGroup;
			children = (
				FF6DC7B728EB7366000516AF /* Base */,
			);
			name = Main.storyboard;
			sourceTree = "<group>";
		};
		FF6DC7BB28EB7368000516AF /* LaunchScreen.storyboard */ = {
			isa = PBXVariantGroup;
			children = (
				FF6DC7BC28EB7368000516AF /* Base */,
			);
			name = LaunchScreen.storyboard;
			sourceTree = "<group>";
		};
/* End PBXVariantGroup section */

/* Begin XCBuildConfiguration section */
		FF6DC7BF28EB7368000516AF /* Debug */ = {
			isa = XCBuildConfiguration;
			buildSettings = {
				ALWAYS_SEARCH_USER_PATHS = NO;
				CLANG_ANALYZER_NONNULL = YES;
				CLANG_ANALYZER_NUMBER_OBJECT_CONVERSION = YES_AGGRESSIVE;
				CLANG_CXX_LANGUAGE_STANDARD = "gnu++20";
				CLANG_ENABLE_MODULES = YES;
				CLANG_ENABLE_OBJC_ARC = YES;
				CLANG_ENABLE_OBJC_WEAK = YES;
				CLANG_WARN_BLOCK_CAPTURE_AUTORELEASING = YES;
				CLANG_WARN_BOOL_CONVERSION = YES;
				CLANG_WARN_COMMA = YES;
				CLANG_WARN_CONSTANT_CONVERSION = YES;
				CLANG_WARN_DEPRECATED_OBJC_IMPLEMENTATIONS = YES;
				CLANG_WARN_DIRECT_OBJC_ISA_USAGE = YES_ERROR;
				CLANG_WARN_DOCUMENTATION_COMMENTS = YES;
				CLANG_WARN_EMPTY_BODY = YES;
				CLANG_WARN_ENUM_CONVERSION = YES;
				CLANG_WARN_INFINITE_RECURSION = YES;
				CLANG_WARN_INT_CONVERSION = YES;
				CLANG_WARN_NON_LITERAL_NULL_CONVERSION = YES;
				CLANG_WARN_OBJC_IMPLICIT_RETAIN_SELF = YES;
				CLANG_WARN_OBJC_LITERAL_CONVERSION = YES;
				CLANG_WARN_OBJC_ROOT_CLASS = YES_ERROR;
				CLANG_WARN_QUOTED_INCLUDE_IN_FRAMEWORK_HEADER = YES;
				CLANG_WARN_RANGE_LOOP_ANALYSIS = YES;
				CLANG_WARN_STRICT_PROTOTYPES = YES;
				CLANG_WARN_SUSPICIOUS_MOVE = YES;
				CLANG_WARN_UNGUARDED_AVAILABILITY = YES_AGGRESSIVE;
				CLANG_WARN_UNREACHABLE_CODE = YES;
				CLANG_WARN__DUPLICATE_METHOD_MATCH = YES;
				COPY_PHASE_STRIP = NO;
				DEBUG_INFORMATION_FORMAT = dwarf;
				ENABLE_STRICT_OBJC_MSGSEND = YES;
				ENABLE_TESTABILITY = YES;
				GCC_C_LANGUAGE_STANDARD = gnu11;
				GCC_DYNAMIC_NO_PIC = NO;
				GCC_NO_COMMON_BLOCKS = YES;
				GCC_OPTIMIZATION_LEVEL = 0;
				GCC_PREPROCESSOR_DEFINITIONS = (
					"DEBUG=1",
					"$(inherited)",
				);
				GCC_WARN_64_TO_32_BIT_CONVERSION = YES;
				GCC_WARN_ABOUT_RETURN_TYPE = YES_ERROR;
				GCC_WARN_UNDECLARED_SELECTOR = YES;
				GCC_WARN_UNINITIALIZED_AUTOS = YES_AGGRESSIVE;
				GCC_WARN_UNUSED_FUNCTION = YES;
				GCC_WARN_UNUSED_VARIABLE = YES;
				IPHONEOS_DEPLOYMENT_TARGET = 16.0;
				MTL_ENABLE_DEBUG_INFO = INCLUDE_SOURCE;
				MTL_FAST_MATH = YES;
				ONLY_ACTIVE_ARCH = YES;
				SDKROOT = iphoneos;
				SWIFT_ACTIVE_COMPILATION_CONDITIONS = DEBUG;
				SWIFT_OPTIMIZATION_LEVEL = "-Onone";
			};
			name = Debug;
		};
		FF6DC7C028EB7368000516AF /* Release */ = {
			isa = XCBuildConfiguration;
			buildSettings = {
				ALWAYS_SEARCH_USER_PATHS = NO;
				CLANG_ANALYZER_NONNULL = YES;
				CLANG_ANALYZER_NUMBER_OBJECT_CONVERSION = YES_AGGRESSIVE;
				CLANG_CXX_LANGUAGE_STANDARD = "gnu++20";
				CLANG_ENABLE_MODULES = YES;
				CLANG_ENABLE_OBJC_ARC = YES;
				CLANG_ENABLE_OBJC_WEAK = YES;
				CLANG_WARN_BLOCK_CAPTURE_AUTORELEASING = YES;
				CLANG_WARN_BOOL_CONVERSION = YES;
				CLANG_WARN_COMMA = YES;
				CLANG_WARN_CONSTANT_CONVERSION = YES;
				CLANG_WARN_DEPRECATED_OBJC_IMPLEMENTATIONS = YES;
				CLANG_WARN_DIRECT_OBJC_ISA_USAGE = YES_ERROR;
				CLANG_WARN_DOCUMENTATION_COMMENTS = YES;
				CLANG_WARN_EMPTY_BODY = YES;
				CLANG_WARN_ENUM_CONVERSION = YES;
				CLANG_WARN_INFINITE_RECURSION = YES;
				CLANG_WARN_INT_CONVERSION = YES;
				CLANG_WARN_NON_LITERAL_NULL_CONVERSION = YES;
				CLANG_WARN_OBJC_IMPLICIT_RETAIN_SELF = YES;
				CLANG_WARN_OBJC_LITERAL_CONVERSION = YES;
				CLANG_WARN_OBJC_ROOT_CLASS = YES_ERROR;
				CLANG_WARN_QUOTED_INCLUDE_IN_FRAMEWORK_HEADER = YES;
				CLANG_WARN_RANGE_LOOP_ANALYSIS = YES;
				CLANG_WARN_STRICT_PROTOTYPES = YES;
				CLANG_WARN_SUSPICIOUS_MOVE = YES;
				CLANG_WARN_UNGUARDED_AVAILABILITY = YES_AGGRESSIVE;
				CLANG_WARN_UNREACHABLE_CODE = YES;
				CLANG_WARN__DUPLICATE_METHOD_MATCH = YES;
				COPY_PHASE_STRIP = NO;
				DEBUG_INFORMATION_FORMAT = "dwarf-with-dsym";
				ENABLE_NS_ASSERTIONS = NO;
				ENABLE_STRICT_OBJC_MSGSEND = YES;
				GCC_C_LANGUAGE_STANDARD = gnu11;
				GCC_NO_COMMON_BLOCKS = YES;
				GCC_WARN_64_TO_32_BIT_CONVERSION = YES;
				GCC_WARN_ABOUT_RETURN_TYPE = YES_ERROR;
				GCC_WARN_UNDECLARED_SELECTOR = YES;
				GCC_WARN_UNINITIALIZED_AUTOS = YES_AGGRESSIVE;
				GCC_WARN_UNUSED_FUNCTION = YES;
				GCC_WARN_UNUSED_VARIABLE = YES;
				IPHONEOS_DEPLOYMENT_TARGET = 16.0;
				MTL_ENABLE_DEBUG_INFO = NO;
				MTL_FAST_MATH = YES;
				SDKROOT = iphoneos;
				SWIFT_COMPILATION_MODE = wholemodule;
				SWIFT_OPTIMIZATION_LEVEL = "-O";
				VALIDATE_PRODUCT = YES;
			};
			name = Release;
		};
		FF6DC7C228EB7368000516AF /* Debug */ = {
			isa = XCBuildConfiguration;
			buildSettings = {
				ASSETCATALOG_COMPILER_APPICON_NAME = AppIcon;
				ASSETCATALOG_COMPILER_GLOBAL_ACCENT_COLOR_NAME = AccentColor;
				CODE_SIGN_STYLE = Automatic;
				CURRENT_PROJECT_VERSION = 1;
				DEVELOPMENT_TEAM = D23NK3BZLQ;
				GENERATE_INFOPLIST_FILE = YES;
				INFOPLIST_FILE = Moonshot/Resources/Info.plist;
				INFOPLIST_KEY_UIApplicationSupportsIndirectInputEvents = YES;
				INFOPLIST_KEY_UILaunchStoryboardName = LaunchScreen;
				INFOPLIST_KEY_UIMainStoryboardFile = Main;
				INFOPLIST_KEY_UISupportedInterfaceOrientations_iPad = "UIInterfaceOrientationPortrait UIInterfaceOrientationPortraitUpsideDown UIInterfaceOrientationLandscapeLeft UIInterfaceOrientationLandscapeRight";
				INFOPLIST_KEY_UISupportedInterfaceOrientations_iPhone = "UIInterfaceOrientationPortrait UIInterfaceOrientationLandscapeLeft UIInterfaceOrientationLandscapeRight";
				LD_RUNPATH_SEARCH_PATHS = (
					"$(inherited)",
					"@executable_path/Frameworks",
				);
				MARKETING_VERSION = 1.0;
				PRODUCT_BUNDLE_IDENTIFIER = com.paradiseDevelopers.Moonshot;
				PRODUCT_NAME = "$(TARGET_NAME)";
				SWIFT_EMIT_LOC_STRINGS = YES;
				SWIFT_VERSION = 5.0;
				TARGETED_DEVICE_FAMILY = "1,2";
			};
			name = Debug;
		};
		FF6DC7C328EB7368000516AF /* Release */ = {
			isa = XCBuildConfiguration;
			buildSettings = {
				ASSETCATALOG_COMPILER_APPICON_NAME = AppIcon;
				ASSETCATALOG_COMPILER_GLOBAL_ACCENT_COLOR_NAME = AccentColor;
				CODE_SIGN_STYLE = Automatic;
				CURRENT_PROJECT_VERSION = 1;
				DEVELOPMENT_TEAM = D23NK3BZLQ;
				GENERATE_INFOPLIST_FILE = YES;
				INFOPLIST_FILE = Moonshot/Resources/Info.plist;
				INFOPLIST_KEY_UIApplicationSupportsIndirectInputEvents = YES;
				INFOPLIST_KEY_UILaunchStoryboardName = LaunchScreen;
				INFOPLIST_KEY_UIMainStoryboardFile = Main;
				INFOPLIST_KEY_UISupportedInterfaceOrientations_iPad = "UIInterfaceOrientationPortrait UIInterfaceOrientationPortraitUpsideDown UIInterfaceOrientationLandscapeLeft UIInterfaceOrientationLandscapeRight";
				INFOPLIST_KEY_UISupportedInterfaceOrientations_iPhone = "UIInterfaceOrientationPortrait UIInterfaceOrientationLandscapeLeft UIInterfaceOrientationLandscapeRight";
				LD_RUNPATH_SEARCH_PATHS = (
					"$(inherited)",
					"@executable_path/Frameworks",
				);
				MARKETING_VERSION = 1.0;
				PRODUCT_BUNDLE_IDENTIFIER = com.paradiseDevelopers.Moonshot;
				PRODUCT_NAME = "$(TARGET_NAME)";
				SWIFT_EMIT_LOC_STRINGS = YES;
				SWIFT_VERSION = 5.0;
				TARGETED_DEVICE_FAMILY = "1,2";
			};
			name = Release;
		};
/* End XCBuildConfiguration section */

/* Begin XCConfigurationList section */
		FF6DC7A828EB7366000516AF /* Build configuration list for PBXProject "Moonshot" */ = {
			isa = XCConfigurationList;
			buildConfigurations = (
				FF6DC7BF28EB7368000516AF /* Debug */,
				FF6DC7C028EB7368000516AF /* Release */,
			);
			defaultConfigurationIsVisible = 0;
			defaultConfigurationName = Release;
		};
		FF6DC7C128EB7368000516AF /* Build configuration list for PBXNativeTarget "Moonshot" */ = {
			isa = XCConfigurationList;
			buildConfigurations = (
				FF6DC7C228EB7368000516AF /* Debug */,
				FF6DC7C328EB7368000516AF /* Release */,
			);
			defaultConfigurationIsVisible = 0;
			defaultConfigurationName = Release;
		};
/* End XCConfigurationList section */
	};
	rootObject = FF6DC7A528EB7366000516AF /* Project object */;
}
